// !$*UTF8*$!
{
	archiveVersion = 1;
	classes = {
	};
	objectVersion = 77;
	objects = {

/* Begin PBXContainerItemProxy section */
		3E28333B2E9FFBF1000D8AFA /* PBXContainerItemProxy */ = {
			isa = PBXContainerItemProxy;
			containerPortal = 3E2833252E9FFBF0000D8AFA /* Project object */;
			proxyType = 1;
			remoteGlobalIDString = 3E28332C2E9FFBF0000D8AFA;
			remoteInfo = SwiftUI_Oct15;
		};
		3E2833452E9FFBF1000D8AFA /* PBXContainerItemProxy */ = {
			isa = PBXContainerItemProxy;
			containerPortal = 3E2833252E9FFBF0000D8AFA /* Project object */;
			proxyType = 1;
			remoteGlobalIDString = 3E28332C2E9FFBF0000D8AFA;
			remoteInfo = SwiftUI_Oct15;
		};
/* End PBXContainerItemProxy section */

/* Begin PBXFileReference section */
		3E28332D2E9FFBF0000D8AFA /* SwiftUI_Oct15.app */ = {isa = PBXFileReference; explicitFileType = wrapper.application; includeInIndex = 0; path = SwiftUI_Oct15.app; sourceTree = BUILT_PRODUCTS_DIR; };
		3E28333A2E9FFBF1000D8AFA /* SwiftUI_Oct15Tests.xctest */ = {isa = PBXFileReference; explicitFileType = wrapper.cfbundle; includeInIndex = 0; path = SwiftUI_Oct15Tests.xctest; sourceTree = BUILT_PRODUCTS_DIR; };
		3E2833442E9FFBF1000D8AFA /* SwiftUI_Oct15UITests.xctest */ = {isa = PBXFileReference; explicitFileType = wrapper.cfbundle; includeInIndex = 0; path = SwiftUI_Oct15UITests.xctest; sourceTree = BUILT_PRODUCTS_DIR; };
/* End PBXFileReference section */

/* Begin PBXFileSystemSynchronizedRootGroup section */
		3E28332F2E9FFBF0000D8AFA /* SwiftUI_Oct15 */ = {
			isa = PBXFileSystemSynchronizedRootGroup;
			path = SwiftUI_Oct15;
			sourceTree = "<group>";
		};
		3E28333D2E9FFBF1000D8AFA /* SwiftUI_Oct15Tests */ = {
			isa = PBXFileSystemSynchronizedRootGroup;
			path = SwiftUI_Oct15Tests;
			sourceTree = "<group>";
		};
		3E2833472E9FFBF1000D8AFA /* SwiftUI_Oct15UITests */ = {
			isa = PBXFileSystemSynchronizedRootGroup;
			path = SwiftUI_Oct15UITests;
			sourceTree = "<group>";
		};
/* End PBXFileSystemSynchronizedRootGroup section */

/* Begin PBXFrameworksBuildPhase section */
		3E28332A2E9FFBF0000D8AFA /* Frameworks */ = {
			isa = PBXFrameworksBuildPhase;
			buildActionMask = 2147483647;
			files = (
			);
			runOnlyForDeploymentPostprocessing = 0;
		};
		3E2833372E9FFBF1000D8AFA /* Frameworks */ = {
			isa = PBXFrameworksBuildPhase;
			buildActionMask = 2147483647;
			files = (
			);
			runOnlyForDeploymentPostprocessing = 0;
		};
		3E2833412E9FFBF1000D8AFA /* Frameworks */ = {
			isa = PBXFrameworksBuildPhase;
			buildActionMask = 2147483647;
			files = (
			);
			runOnlyForDeploymentPostprocessing = 0;
		};
/* End PBXFrameworksBuildPhase section */

/* Begin PBXGroup section */
		3E2833242E9FFBF0000D8AFA = {
			isa = PBXGroup;
			children = (
				3E28332F2E9FFBF0000D8AFA /* SwiftUI_Oct15 */,
				3E28333D2E9FFBF1000D8AFA /* SwiftUI_Oct15Tests */,
				3E2833472E9FFBF1000D8AFA /* SwiftUI_Oct15UITests */,
				3E28332E2E9FFBF0000D8AFA /* Products */,
			);
			sourceTree = "<group>";
		};
		3E28332E2E9FFBF0000D8AFA /* Products */ = {
			isa = PBXGroup;
			children = (
				3E28332D2E9FFBF0000D8AFA /* SwiftUI_Oct15.app */,
				3E28333A2E9FFBF1000D8AFA /* SwiftUI_Oct15Tests.xctest */,
				3E2833442E9FFBF1000D8AFA /* SwiftUI_Oct15UITests.xctest */,
			);
			name = Products;
			sourceTree = "<group>";
		};
/* End PBXGroup section */

/* Begin PBXNativeTarget section */
		3E28332C2E9FFBF0000D8AFA /* SwiftUI_Oct15 */ = {
			isa = PBXNativeTarget;
			buildConfigurationList = 3E28334E2E9FFBF1000D8AFA /* Build configuration list for PBXNativeTarget "SwiftUI_Oct15" */;
			buildPhases = (
				3E2833292E9FFBF0000D8AFA /* Sources */,
				3E28332A2E9FFBF0000D8AFA /* Frameworks */,
				3E28332B2E9FFBF0000D8AFA /* Resources */,
			);
			buildRules = (
			);
			dependencies = (
			);
			fileSystemSynchronizedGroups = (
				3E28332F2E9FFBF0000D8AFA /* SwiftUI_Oct15 */,
			);
			name = SwiftUI_Oct15;
			packageProductDependencies = (
			);
			productName = SwiftUI_Oct15;
			productReference = 3E28332D2E9FFBF0000D8AFA /* SwiftUI_Oct15.app */;
			productType = "com.apple.product-type.application";
		};
		3E2833392E9FFBF1000D8AFA /* SwiftUI_Oct15Tests */ = {
			isa = PBXNativeTarget;
			buildConfigurationList = 3E2833512E9FFBF1000D8AFA /* Build configuration list for PBXNativeTarget "SwiftUI_Oct15Tests" */;
			buildPhases = (
				3E2833362E9FFBF1000D8AFA /* Sources */,
				3E2833372E9FFBF1000D8AFA /* Frameworks */,
				3E2833382E9FFBF1000D8AFA /* Resources */,
			);
			buildRules = (
			);
			dependencies = (
				3E28333C2E9FFBF1000D8AFA /* PBXTargetDependency */,
			);
			fileSystemSynchronizedGroups = (
				3E28333D2E9FFBF1000D8AFA /* SwiftUI_Oct15Tests */,
			);
			name = SwiftUI_Oct15Tests;
			packageProductDependencies = (
			);
			productName = SwiftUI_Oct15Tests;
			productReference = 3E28333A2E9FFBF1000D8AFA /* SwiftUI_Oct15Tests.xctest */;
			productType = "com.apple.product-type.bundle.unit-test";
		};
		3E2833432E9FFBF1000D8AFA /* SwiftUI_Oct15UITests */ = {
			isa = PBXNativeTarget;
			buildConfigurationList = 3E2833542E9FFBF1000D8AFA /* Build configuration list for PBXNativeTarget "SwiftUI_Oct15UITests" */;
			buildPhases = (
				3E2833402E9FFBF1000D8AFA /* Sources */,
				3E2833412E9FFBF1000D8AFA /* Frameworks */,
				3E2833422E9FFBF1000D8AFA /* Resources */,
			);
			buildRules = (
			);
			dependencies = (
				3E2833462E9FFBF1000D8AFA /* PBXTargetDependency */,
			);
			fileSystemSynchronizedGroups = (
				3E2833472E9FFBF1000D8AFA /* SwiftUI_Oct15UITests */,
			);
			name = SwiftUI_Oct15UITests;
			packageProductDependencies = (
			);
			productName = SwiftUI_Oct15UITests;
			productReference = 3E2833442E9FFBF1000D8AFA /* SwiftUI_Oct15UITests.xctest */;
			productType = "com.apple.product-type.bundle.ui-testing";
		};
/* End PBXNativeTarget section */

/* Begin PBXProject section */
		3E2833252E9FFBF0000D8AFA /* Project object */ = {
			isa = PBXProject;
			attributes = {
				BuildIndependentTargetsInParallel = 1;
				LastSwiftUpdateCheck = 1640;
				LastUpgradeCheck = 1640;
				TargetAttributes = {
					3E28332C2E9FFBF0000D8AFA = {
						CreatedOnToolsVersion = 16.4;
					};
					3E2833392E9FFBF1000D8AFA = {
						CreatedOnToolsVersion = 16.4;
						TestTargetID = 3E28332C2E9FFBF0000D8AFA;
					};
					3E2833432E9FFBF1000D8AFA = {
						CreatedOnToolsVersion = 16.4;
						TestTargetID = 3E28332C2E9FFBF0000D8AFA;
					};
				};
			};
			buildConfigurationList = 3E2833282E9FFBF0000D8AFA /* Build configuration list for PBXProject "SwiftUI_Oct15" */;
			developmentRegion = en;
			hasScannedForEncodings = 0;
			knownRegions = (
				en,
				Base,
			);
			mainGroup = 3E2833242E9FFBF0000D8AFA;
			minimizedProjectReferenceProxies = 1;
			preferredProjectObjectVersion = 77;
			productRefGroup = 3E28332E2E9FFBF0000D8AFA /* Products */;
			projectDirPath = "";
			projectRoot = "";
			targets = (
				3E28332C2E9FFBF0000D8AFA /* SwiftUI_Oct15 */,
				3E2833392E9FFBF1000D8AFA /* SwiftUI_Oct15Tests */,
				3E2833432E9FFBF1000D8AFA /* SwiftUI_Oct15UITests */,
			);
		};
/* End PBXProject section */

/* Begin PBXResourcesBuildPhase section */
		3E28332B2E9FFBF0000D8AFA /* Resources */ = {
			isa = PBXResourcesBuildPhase;
			buildActionMask = 2147483647;
			files = (
			);
			runOnlyForDeploymentPostprocessing = 0;
		};
		3E2833382E9FFBF1000D8AFA /* Resources */ = {
			isa = PBXResourcesBuildPhase;
			buildActionMask = 2147483647;
			files = (
			);
			runOnlyForDeploymentPostprocessing = 0;
		};
		3E2833422E9FFBF1000D8AFA /* Resources */ = {
			isa = PBXResourcesBuildPhase;
			buildActionMask = 2147483647;
			files = (
			);
			runOnlyForDeploymentPostprocessing = 0;
		};
/* End PBXResourcesBuildPhase section */

/* Begin PBXSourcesBuildPhase section */
		3E2833292E9FFBF0000D8AFA /* Sources */ = {
			isa = PBXSourcesBuildPhase;
			buildActionMask = 2147483647;
			files = (
			);
			runOnlyForDeploymentPostprocessing = 0;
		};
		3E2833362E9FFBF1000D8AFA /* Sources */ = {
			isa = PBXSourcesBuildPhase;
			buildActionMask = 2147483647;
			files = (
			);
			runOnlyForDeploymentPostprocessing = 0;
		};
		3E2833402E9FFBF1000D8AFA /* Sources */ = {
			isa = PBXSourcesBuildPhase;
			buildActionMask = 2147483647;
			files = (
			);
			runOnlyForDeploymentPostprocessing = 0;
		};
/* End PBXSourcesBuildPhase section */

/* Begin PBXTargetDependency section */
		3E28333C2E9FFBF1000D8AFA /* PBXTargetDependency */ = {
			isa = PBXTargetDependency;
			target = 3E28332C2E9FFBF0000D8AFA /* SwiftUI_Oct15 */;
			targetProxy = 3E28333B2E9FFBF1000D8AFA /* PBXContainerItemProxy */;
		};
		3E2833462E9FFBF1000D8AFA /* PBXTargetDependency */ = {
			isa = PBXTargetDependency;
			target = 3E28332C2E9FFBF0000D8AFA /* SwiftUI_Oct15 */;
			targetProxy = 3E2833452E9FFBF1000D8AFA /* PBXContainerItemProxy */;
		};
/* End PBXTargetDependency section */

/* Begin XCBuildConfiguration section */
		3E28334C2E9FFBF1000D8AFA /* Debug */ = {
			isa = XCBuildConfiguration;
			buildSettings = {
				ALWAYS_SEARCH_USER_PATHS = NO;
				ASSETCATALOG_COMPILER_GENERATE_SWIFT_ASSET_SYMBOL_EXTENSIONS = YES;
				CLANG_ANALYZER_NONNULL = YES;
				CLANG_ANALYZER_NUMBER_OBJECT_CONVERSION = YES_AGGRESSIVE;
				CLANG_CXX_LANGUAGE_STANDARD = "gnu++20";
				CLANG_ENABLE_MODULES = YES;
				CLANG_ENABLE_OBJC_ARC = YES;
				CLANG_ENABLE_OBJC_WEAK = YES;
				CLANG_WARN_BLOCK_CAPTURE_AUTORELEASING = YES;
				CLANG_WARN_BOOL_CONVERSION = YES;
				CLANG_WARN_COMMA = YES;
				CLANG_WARN_CONSTANT_CONVERSION = YES;
				CLANG_WARN_DEPRECATED_OBJC_IMPLEMENTATIONS = YES;
				CLANG_WARN_DIRECT_OBJC_ISA_USAGE = YES_ERROR;
				CLANG_WARN_DOCUMENTATION_COMMENTS = YES;
				CLANG_WARN_EMPTY_BODY = YES;
				CLANG_WARN_ENUM_CONVERSION = YES;
				CLANG_WARN_INFINITE_RECURSION = YES;
				CLANG_WARN_INT_CONVERSION = YES;
				CLANG_WARN_NON_LITERAL_NULL_CONVERSION = YES;
				CLANG_WARN_OBJC_IMPLICIT_RETAIN_SELF = YES;
				CLANG_WARN_OBJC_LITERAL_CONVERSION = YES;
				CLANG_WARN_OBJC_ROOT_CLASS = YES_ERROR;
				CLANG_WARN_QUOTED_INCLUDE_IN_FRAMEWORK_HEADER = YES;
				CLANG_WARN_RANGE_LOOP_ANALYSIS = YES;
				CLANG_WARN_STRICT_PROTOTYPES = YES;
				CLANG_WARN_SUSPICIOUS_MOVE = YES;
				CLANG_WARN_UNGUARDED_AVAILABILITY = YES_AGGRESSIVE;
				CLANG_WARN_UNREACHABLE_CODE = YES;
				CLANG_WARN__DUPLICATE_METHOD_MATCH = YES;
				COPY_PHASE_STRIP = NO;
				DEBUG_INFORMATION_FORMAT = dwarf;
				ENABLE_STRICT_OBJC_MSGSEND = YES;
				ENABLE_TESTABILITY = YES;
				ENABLE_USER_SCRIPT_SANDBOXING = YES;
				GCC_C_LANGUAGE_STANDARD = gnu17;
				GCC_DYNAMIC_NO_PIC = NO;
				GCC_NO_COMMON_BLOCKS = YES;
				GCC_OPTIMIZATION_LEVEL = 0;
				GCC_PREPROCESSOR_DEFINITIONS = (
					"DEBUG=1",
					"$(inherited)",
				);
				GCC_WARN_64_TO_32_BIT_CONVERSION = YES;
				GCC_WARN_ABOUT_RETURN_TYPE = YES_ERROR;
				GCC_WARN_UNDECLARED_SELECTOR = YES;
				GCC_WARN_UNINITIALIZED_AUTOS = YES_AGGRESSIVE;
				GCC_WARN_UNUSED_FUNCTION = YES;
				GCC_WARN_UNUSED_VARIABLE = YES;
				IPHONEOS_DEPLOYMENT_TARGET = 18.5;
				LOCALIZATION_PREFERS_STRING_CATALOGS = YES;
				MTL_ENABLE_DEBUG_INFO = INCLUDE_SOURCE;
				MTL_FAST_MATH = YES;
				ONLY_ACTIVE_ARCH = YES;
				SDKROOT = iphoneos;
				SWIFT_ACTIVE_COMPILATION_CONDITIONS = "DEBUG $(inherited)";
				SWIFT_OPTIMIZATION_LEVEL = "-Onone";
			};
			name = Debug;
		};
		3E28334D2E9FFBF1000D8AFA /* Release */ = {
			isa = XCBuildConfiguration;
			buildSettings = {
				ALWAYS_SEARCH_USER_PATHS = NO;
				ASSETCATALOG_COMPILER_GENERATE_SWIFT_ASSET_SYMBOL_EXTENSIONS = YES;
				CLANG_ANALYZER_NONNULL = YES;
				CLANG_ANALYZER_NUMBER_OBJECT_CONVERSION = YES_AGGRESSIVE;
				CLANG_CXX_LANGUAGE_STANDARD = "gnu++20";
				CLANG_ENABLE_MODULES = YES;
				CLANG_ENABLE_OBJC_ARC = YES;
				CLANG_ENABLE_OBJC_WEAK = YES;
				CLANG_WARN_BLOCK_CAPTURE_AUTORELEASING = YES;
				CLANG_WARN_BOOL_CONVERSION = YES;
				CLANG_WARN_COMMA = YES;
				CLANG_WARN_CONSTANT_CONVERSION = YES;
				CLANG_WARN_DEPRECATED_OBJC_IMPLEMENTATIONS = YES;
				CLANG_WARN_DIRECT_OBJC_ISA_USAGE = YES_ERROR;
				CLANG_WARN_DOCUMENTATION_COMMENTS = YES;
				CLANG_WARN_EMPTY_BODY = YES;
				CLANG_WARN_ENUM_CONVERSION = YES;
				CLANG_WARN_INFINITE_RECURSION = YES;
				CLANG_WARN_INT_CONVERSION = YES;
				CLANG_WARN_NON_LITERAL_NULL_CONVERSION = YES;
				CLANG_WARN_OBJC_IMPLICIT_RETAIN_SELF = YES;
				CLANG_WARN_OBJC_LITERAL_CONVERSION = YES;
				CLANG_WARN_OBJC_ROOT_CLASS = YES_ERROR;
				CLANG_WARN_QUOTED_INCLUDE_IN_FRAMEWORK_HEADER = YES;
				CLANG_WARN_RANGE_LOOP_ANALYSIS = YES;
				CLANG_WARN_STRICT_PROTOTYPES = YES;
				CLANG_WARN_SUSPICIOUS_MOVE = YES;
				CLANG_WARN_UNGUARDED_AVAILABILITY = YES_AGGRESSIVE;
				CLANG_WARN_UNREACHABLE_CODE = YES;
				CLANG_WARN__DUPLICATE_METHOD_MATCH = YES;
				COPY_PHASE_STRIP = NO;
				DEBUG_INFORMATION_FORMAT = "dwarf-with-dsym";
				ENABLE_NS_ASSERTIONS = NO;
				ENABLE_STRICT_OBJC_MSGSEND = YES;
				ENABLE_USER_SCRIPT_SANDBOXING = YES;
				GCC_C_LANGUAGE_STANDARD = gnu17;
				GCC_NO_COMMON_BLOCKS = YES;
				GCC_WARN_64_TO_32_BIT_CONVERSION = YES;
				GCC_WARN_ABOUT_RETURN_TYPE = YES_ERROR;
				GCC_WARN_UNDECLARED_SELECTOR = YES;
				GCC_WARN_UNINITIALIZED_AUTOS = YES_AGGRESSIVE;
				GCC_WARN_UNUSED_FUNCTION = YES;
				GCC_WARN_UNUSED_VARIABLE = YES;
				IPHONEOS_DEPLOYMENT_TARGET = 18.5;
				LOCALIZATION_PREFERS_STRING_CATALOGS = YES;
				MTL_ENABLE_DEBUG_INFO = NO;
				MTL_FAST_MATH = YES;
				SDKROOT = iphoneos;
				SWIFT_COMPILATION_MODE = wholemodule;
				VALIDATE_PRODUCT = YES;
			};
			name = Release;
		};
		3E28334F2E9FFBF1000D8AFA /* Debug */ = {
			isa = XCBuildConfiguration;
			buildSettings = {
				ASSETCATALOG_COMPILER_APPICON_NAME = AppIcon;
				ASSETCATALOG_COMPILER_GLOBAL_ACCENT_COLOR_NAME = AccentColor;
				CODE_SIGN_STYLE = Automatic;
				CURRENT_PROJECT_VERSION = 1;
				ENABLE_PREVIEWS = YES;
				GENERATE_INFOPLIST_FILE = YES;
				INFOPLIST_KEY_UIApplicationSceneManifest_Generation = YES;
				INFOPLIST_KEY_UIApplicationSupportsIndirectInputEvents = YES;
				INFOPLIST_KEY_UILaunchScreen_Generation = YES;
				INFOPLIST_KEY_UISupportedInterfaceOrientations_iPad = "UIInterfaceOrientationPortrait UIInterfaceOrientationPortraitUpsideDown UIInterfaceOrientationLandscapeLeft UIInterfaceOrientationLandscapeRight";
				INFOPLIST_KEY_UISupportedInterfaceOrientations_iPhone = "UIInterfaceOrientationPortrait UIInterfaceOrientationLandscapeLeft UIInterfaceOrientationLandscapeRight";
				LD_RUNPATH_SEARCH_PATHS = (
					"$(inherited)",
					"@executable_path/Frameworks",
				);
				MARKETING_VERSION = 1.0;
				PRODUCT_BUNDLE_IDENTIFIER = "com.koushik.SwiftUI.SwiftUI-Oct15";
				PRODUCT_NAME = "$(TARGET_NAME)";
				SWIFT_EMIT_LOC_STRINGS = YES;
				SWIFT_VERSION = 5.0;
				TARGETED_DEVICE_FAMILY = "1,2";
			};
			name = Debug;
		};
		3E2833502E9FFBF1000D8AFA /* Release */ = {
			isa = XCBuildConfiguration;
			buildSettings = {
				ASSETCATALOG_COMPILER_APPICON_NAME = AppIcon;
				ASSETCATALOG_COMPILER_GLOBAL_ACCENT_COLOR_NAME = AccentColor;
				CODE_SIGN_STYLE = Automatic;
				CURRENT_PROJECT_VERSION = 1;
				ENABLE_PREVIEWS = YES;
				GENERATE_INFOPLIST_FILE = YES;
				INFOPLIST_KEY_UIApplicationSceneManifest_Generation = YES;
				INFOPLIST_KEY_UIApplicationSupportsIndirectInputEvents = YES;
				INFOPLIST_KEY_UILaunchScreen_Generation = YES;
				INFOPLIST_KEY_UISupportedInterfaceOrientations_iPad = "UIInterfaceOrientationPortrait UIInterfaceOrientationPortraitUpsideDown UIInterfaceOrientationLandscapeLeft UIInterfaceOrientationLandscapeRight";
				INFOPLIST_KEY_UISupportedInterfaceOrientations_iPhone = "UIInterfaceOrientationPortrait UIInterfaceOrientationLandscapeLeft UIInterfaceOrientationLandscapeRight";
				LD_RUNPATH_SEARCH_PATHS = (
					"$(inherited)",
					"@executable_path/Frameworks",
				);
				MARKETING_VERSION = 1.0;
				PRODUCT_BUNDLE_IDENTIFIER = "com.koushik.SwiftUI.SwiftUI-Oct15";
				PRODUCT_NAME = "$(TARGET_NAME)";
				SWIFT_EMIT_LOC_STRINGS = YES;
				SWIFT_VERSION = 5.0;
				TARGETED_DEVICE_FAMILY = "1,2";
			};
			name = Release;
		};
		3E2833522E9FFBF1000D8AFA /* Debug */ = {
			isa = XCBuildConfiguration;
			buildSettings = {
				BUNDLE_LOADER = "$(TEST_HOST)";
				CODE_SIGN_STYLE = Automatic;
				CURRENT_PROJECT_VERSION = 1;
				GENERATE_INFOPLIST_FILE = YES;
				IPHONEOS_DEPLOYMENT_TARGET = 18.5;
				MARKETING_VERSION = 1.0;
				PRODUCT_BUNDLE_IDENTIFIER = "com.koushik.SwiftUI.SwiftUI-Oct15Tests";
				PRODUCT_NAME = "$(TARGET_NAME)";
				SWIFT_EMIT_LOC_STRINGS = NO;
				SWIFT_VERSION = 5.0;
				TARGETED_DEVICE_FAMILY = "1,2";
				TEST_HOST = "$(BUILT_PRODUCTS_DIR)/SwiftUI_Oct15.app/$(BUNDLE_EXECUTABLE_FOLDER_PATH)/SwiftUI_Oct15";
			};
			name = Debug;
		};
		3E2833532E9FFBF1000D8AFA /* Release */ = {
			isa = XCBuildConfiguration;
			buildSettings = {
				BUNDLE_LOADER = "$(TEST_HOST)";
				CODE_SIGN_STYLE = Automatic;
				CURRENT_PROJECT_VERSION = 1;
				GENERATE_INFOPLIST_FILE = YES;
				IPHONEOS_DEPLOYMENT_TARGET = 18.5;
				MARKETING_VERSION = 1.0;
				PRODUCT_BUNDLE_IDENTIFIER = "com.koushik.SwiftUI.SwiftUI-Oct15Tests";
				PRODUCT_NAME = "$(TARGET_NAME)";
				SWIFT_EMIT_LOC_STRINGS = NO;
				SWIFT_VERSION = 5.0;
				TARGETED_DEVICE_FAMILY = "1,2";
				TEST_HOST = "$(BUILT_PRODUCTS_DIR)/SwiftUI_Oct15.app/$(BUNDLE_EXECUTABLE_FOLDER_PATH)/SwiftUI_Oct15";
			};
			name = Release;
		};
		3E2833552E9FFBF1000D8AFA /* Debug */ = {
			isa = XCBuildConfiguration;
			buildSettings = {
				CODE_SIGN_STYLE = Automatic;
				CURRENT_PROJECT_VERSION = 1;
				GENERATE_INFOPLIST_FILE = YES;
				MARKETING_VERSION = 1.0;
				PRODUCT_BUNDLE_IDENTIFIER = "com.koushik.SwiftUI.SwiftUI-Oct15UITests";
				PRODUCT_NAME = "$(TARGET_NAME)";
				SWIFT_EMIT_LOC_STRINGS = NO;
				SWIFT_VERSION = 5.0;
				TARGETED_DEVICE_FAMILY = "1,2";
				TEST_TARGET_NAME = SwiftUI_Oct15;
			};
			name = Debug;
		};
		3E2833562E9FFBF1000D8AFA /* Release */ = {
			isa = XCBuildConfiguration;
			buildSettings = {
				CODE_SIGN_STYLE = Automatic;
				CURRENT_PROJECT_VERSION = 1;
				GENERATE_INFOPLIST_FILE = YES;
				MARKETING_VERSION = 1.0;
				PRODUCT_BUNDLE_IDENTIFIER = "com.koushik.SwiftUI.SwiftUI-Oct15UITests";
				PRODUCT_NAME = "$(TARGET_NAME)";
				SWIFT_EMIT_LOC_STRINGS = NO;
				SWIFT_VERSION = 5.0;
				TARGETED_DEVICE_FAMILY = "1,2";
				TEST_TARGET_NAME = SwiftUI_Oct15;
			};
			name = Release;
		};
/* End XCBuildConfiguration section */

/* Begin XCConfigurationList section */
		3E2833282E9FFBF0000D8AFA /* Build configuration list for PBXProject "SwiftUI_Oct15" */ = {
			isa = XCConfigurationList;
			buildConfigurations = (
				3E28334C2E9FFBF1000D8AFA /* Debug */,
				3E28334D2E9FFBF1000D8AFA /* Release */,
			);
			defaultConfigurationIsVisible = 0;
			defaultConfigurationName = Release;
		};
		3E28334E2E9FFBF1000D8AFA /* Build configuration list for PBXNativeTarget "SwiftUI_Oct15" */ = {
			isa = XCConfigurationList;
			buildConfigurations = (
				3E28334F2E9FFBF1000D8AFA /* Debug */,
				3E2833502E9FFBF1000D8AFA /* Release */,
			);
			defaultConfigurationIsVisible = 0;
			defaultConfigurationName = Release;
		};
		3E2833512E9FFBF1000D8AFA /* Build configuration list for PBXNativeTarget "SwiftUI_Oct15Tests" */ = {
			isa = XCConfigurationList;
			buildConfigurations = (
				3E2833522E9FFBF1000D8AFA /* Debug */,
				3E2833532E9FFBF1000D8AFA /* Release */,
			);
			defaultConfigurationIsVisible = 0;
			defaultConfigurationName = Release;
		};
		3E2833542E9FFBF1000D8AFA /* Build configuration list for PBXNativeTarget "SwiftUI_Oct15UITests" */ = {
			isa = XCConfigurationList;
			buildConfigurations = (
				3E2833552E9FFBF1000D8AFA /* Debug */,
				3E2833562E9FFBF1000D8AFA /* Release */,
			);
			defaultConfigurationIsVisible = 0;
			defaultConfigurationName = Release;
		};
/* End XCConfigurationList section */
	};
	rootObject = 3E2833252E9FFBF0000D8AFA /* Project object */;
}
